
Microsoft Visual Studio Solution File, Format Version 12.00
# Visual Studio 15
VisualStudioVersion = 15.0.26124.0
MinimumVisualStudioVersion = 15.0.26124.0
Project("{FAE04EC0-301F-11D3-BF4B-00C04F79EFBC}") = "Domain", "Domain\Domain.csproj", "{A9C12762-C2BD-4528-9E9C-86929C952E31}"
EndProject
Project("{FAE04EC0-301F-11D3-BF4B-00C04F79EFBC}") = "Application", "Application\Application.csproj", "{5CC5DBBD-851F-4634-95EA-8A0D3E6C2654}"
EndProject
Project("{FAE04EC0-301F-11D3-BF4B-00C04F79EFBC}") = "Persistence", "Persistence\Persistence.csproj", "{2ABFD7A3-1F00-4798-96D7-A8FA569AC373}"
EndProject
Project("{FAE04EC0-301F-11D3-BF4B-00C04F79EFBC}") = "API", "API\API.csproj", "{005ABFAC-CD69-462B-8DA7-1B0ADD106651}"
EndProject
Project("{FAE04EC0-301F-11D3-BF4B-00C04F79EFBC}") = "Infrastructure", "Infrastructure\Infrastructure.csproj", "{505A9308-29BC-457F-9CE8-9E790617C021}"
EndProject
Global
	GlobalSection(SolutionConfigurationPlatforms) = preSolution
		Debug|Any CPU = Debug|Any CPU
		Debug|x64 = Debug|x64
		Debug|x86 = Debug|x86
		Release|Any CPU = Release|Any CPU
		Release|x64 = Release|x64
		Release|x86 = Release|x86
	EndGlobalSection
	GlobalSection(SolutionProperties) = preSolution
		HideSolutionNode = FALSE
	EndGlobalSection
	GlobalSection(ProjectConfigurationPlatforms) = postSolution
		{A9C12762-C2BD-4528-9E9C-86929C952E31}.Debug|Any CPU.ActiveCfg = Debug|Any CPU
		{A9C12762-C2BD-4528-9E9C-86929C952E31}.Debug|Any CPU.Build.0 = Debug|Any CPU
		{A9C12762-C2BD-4528-9E9C-86929C952E31}.Debug|x64.ActiveCfg = Debug|Any CPU
		{A9C12762-C2BD-4528-9E9C-86929C952E31}.Debug|x64.Build.0 = Debug|Any CPU
		{A9C12762-C2BD-4528-9E9C-86929C952E31}.Debug|x86.ActiveCfg = Debug|Any CPU
		{A9C12762-C2BD-4528-9E9C-86929C952E31}.Debug|x86.Build.0 = Debug|Any CPU
		{A9C12762-C2BD-4528-9E9C-86929C952E31}.Release|Any CPU.ActiveCfg = Release|Any CPU
		{A9C12762-C2BD-4528-9E9C-86929C952E31}.Release|Any CPU.Build.0 = Release|Any CPU
		{A9C12762-C2BD-4528-9E9C-86929C952E31}.Release|x64.ActiveCfg = Release|Any CPU
		{A9C12762-C2BD-4528-9E9C-86929C952E31}.Release|x64.Build.0 = Release|Any CPU
		{A9C12762-C2BD-4528-9E9C-86929C952E31}.Release|x86.ActiveCfg = Release|Any CPU
		{A9C12762-C2BD-4528-9E9C-86929C952E31}.Release|x86.Build.0 = Release|Any CPU
		{5CC5DBBD-851F-4634-95EA-8A0D3E6C2654}.Debug|Any CPU.ActiveCfg = Debug|Any CPU
		{5CC5DBBD-851F-4634-95EA-8A0D3E6C2654}.Debug|Any CPU.Build.0 = Debug|Any CPU
		{5CC5DBBD-851F-4634-95EA-8A0D3E6C2654}.Debug|x64.ActiveCfg = Debug|Any CPU
		{5CC5DBBD-851F-4634-95EA-8A0D3E6C2654}.Debug|x64.Build.0 = Debug|Any CPU
		{5CC5DBBD-851F-4634-95EA-8A0D3E6C2654}.Debug|x86.ActiveCfg = Debug|Any CPU
		{5CC5DBBD-851F-4634-95EA-8A0D3E6C2654}.Debug|x86.Build.0 = Debug|Any CPU
		{5CC5DBBD-851F-4634-95EA-8A0D3E6C2654}.Release|Any CPU.ActiveCfg = Release|Any CPU
		{5CC5DBBD-851F-4634-95EA-8A0D3E6C2654}.Release|Any CPU.Build.0 = Release|Any CPU
		{5CC5DBBD-851F-4634-95EA-8A0D3E6C2654}.Release|x64.ActiveCfg = Release|Any CPU
		{5CC5DBBD-851F-4634-95EA-8A0D3E6C2654}.Release|x64.Build.0 = Release|Any CPU
		{5CC5DBBD-851F-4634-95EA-8A0D3E6C2654}.Release|x86.ActiveCfg = Release|Any CPU
		{5CC5DBBD-851F-4634-95EA-8A0D3E6C2654}.Release|x86.Build.0 = Release|Any CPU
		{2ABFD7A3-1F00-4798-96D7-A8FA569AC373}.Debug|Any CPU.ActiveCfg = Debug|Any CPU
		{2ABFD7A3-1F00-4798-96D7-A8FA569AC373}.Debug|Any CPU.Build.0 = Debug|Any CPU
		{2ABFD7A3-1F00-4798-96D7-A8FA569AC373}.Debug|x64.ActiveCfg = Debug|Any CPU
		{2ABFD7A3-1F00-4798-96D7-A8FA569AC373}.Debug|x64.Build.0 = Debug|Any CPU
		{2ABFD7A3-1F00-4798-96D7-A8FA569AC373}.Debug|x86.ActiveCfg = Debug|Any CPU
		{2ABFD7A3-1F00-4798-96D7-A8FA569AC373}.Debug|x86.Build.0 = Debug|Any CPU
		{2ABFD7A3-1F00-4798-96D7-A8FA569AC373}.Release|Any CPU.ActiveCfg = Release|Any CPU
		{2ABFD7A3-1F00-4798-96D7-A8FA569AC373}.Release|Any CPU.Build.0 = Release|Any CPU
		{2ABFD7A3-1F00-4798-96D7-A8FA569AC373}.Release|x64.ActiveCfg = Release|Any CPU
		{2ABFD7A3-1F00-4798-96D7-A8FA569AC373}.Release|x64.Build.0 = Release|Any CPU
		{2ABFD7A3-1F00-4798-96D7-A8FA569AC373}.Release|x86.ActiveCfg = Release|Any CPU
		{2ABFD7A3-1F00-4798-96D7-A8FA569AC373}.Release|x86.Build.0 = Release|Any CPU
		{005ABFAC-CD69-462B-8DA7-1B0ADD106651}.Debug|Any CPU.ActiveCfg = Debug|Any CPU
		{005ABFAC-CD69-462B-8DA7-1B0ADD106651}.Debug|Any CPU.Build.0 = Debug|Any CPU
		{005ABFAC-CD69-462B-8DA7-1B0ADD106651}.Debug|x64.ActiveCfg = Debug|Any CPU
		{005ABFAC-CD69-462B-8DA7-1B0ADD106651}.Debug|x64.Build.0 = Debug|Any CPU
		{005ABFAC-CD69-462B-8DA7-1B0ADD106651}.Debug|x86.ActiveCfg = Debug|Any CPU
		{005ABFAC-CD69-462B-8DA7-1B0ADD106651}.Debug|x86.Build.0 = Debug|Any CPU
		{005ABFAC-CD69-462B-8DA7-1B0ADD106651}.Release|Any CPU.ActiveCfg = Release|Any CPU
		{005ABFAC-CD69-462B-8DA7-1B0ADD106651}.Release|Any CPU.Build.0 = Release|Any CPU
		{005ABFAC-CD69-462B-8DA7-1B0ADD106651}.Release|x64.ActiveCfg = Release|Any CPU
		{005ABFAC-CD69-462B-8DA7-1B0ADD106651}.Release|x64.Build.0 = Release|Any CPU
		{005ABFAC-CD69-462B-8DA7-1B0ADD106651}.Release|x86.ActiveCfg = Release|Any CPU
		{005ABFAC-CD69-462B-8DA7-1B0ADD106651}.Release|x86.Build.0 = Release|Any CPU
		{505A9308-29BC-457F-9CE8-9E790617C021}.Debug|Any CPU.ActiveCfg = Debug|Any CPU
		{505A9308-29BC-457F-9CE8-9E790617C021}.Debug|Any CPU.Build.0 = Debug|Any CPU
		{505A9308-29BC-457F-9CE8-9E790617C021}.Debug|x64.ActiveCfg = Debug|Any CPU
		{505A9308-29BC-457F-9CE8-9E790617C021}.Debug|x64.Build.0 = Debug|Any CPU
		{505A9308-29BC-457F-9CE8-9E790617C021}.Debug|x86.ActiveCfg = Debug|Any CPU
		{505A9308-29BC-457F-9CE8-9E790617C021}.Debug|x86.Build.0 = Debug|Any CPU
		{505A9308-29BC-457F-9CE8-9E790617C021}.Release|Any CPU.ActiveCfg = Release|Any CPU
		{505A9308-29BC-457F-9CE8-9E790617C021}.Release|Any CPU.Build.0 = Release|Any CPU
		{505A9308-29BC-457F-9CE8-9E790617C021}.Release|x64.ActiveCfg = Release|Any CPU
		{505A9308-29BC-457F-9CE8-9E790617C021}.Release|x64.Build.0 = Release|Any CPU
		{505A9308-29BC-457F-9CE8-9E790617C021}.Release|x86.ActiveCfg = Release|Any CPU
		{505A9308-29BC-457F-9CE8-9E790617C021}.Release|x86.Build.0 = Release|Any CPU
	EndGlobalSection
EndGlobal
